<?xml version="1.0" encoding="utf-8"?>
<Project ToolsVersion="4.0" xmlns="http://schemas.microsoft.com/developer/msbuild/2003">
  <ItemGroup>
    <ClCompile Include="Main.cpp">
      <Filter>Source Files</Filter>
    </ClCompile>
    <ClCompile Include="WordSearch.cpp">
      <Filter>Source Files</Filter>
    </ClCompile>
    <ClCompile Include="LetterNode.cpp">
      <Filter>Source Files</Filter>
    </ClCompile>
  </ItemGroup>
  <ItemGroup>
    <Filter Include="Header Files">
      <UniqueIdentifier>{c60c1c35-3087-4fe6-b69d-66ba7142232a}</UniqueIdentifier>
      <Extensions>h;hh;hpp;hxx;h++;hm;inl;inc;ipp;xsd</Extensions>
    </Filter>
    <Filter Include="Source Files">
      <UniqueIdentifier>{cd1cc671-5c26-4f19-afd1-fe8461f19331}</UniqueIdentifier>
      <Extensions>cpp;c;cc;cxx;c++;cppm;ixx;def;odl;idl;hpj;bat;asm;asmx</Extensions>
    </Filter>
    <Filter Include="Resource Files">
      <UniqueIdentifier>{ad00adca-51a5-4e05-b7ae-ae3714499914}</UniqueIdentifier>
      <Extensions>rc;ico;cur;bmp;dlg;rc2;rct;bin;rgs;gif;jpg;jpeg;jpe;resx;tiff;tif;png;wav;mfcribbon-ms;txt</Extensions>
    </Filter>
    <Filter Include="Misc Files">
      <UniqueIdentifier>{41dc0554-c857-4cff-8f18-d5ba40bc0bf9}</UniqueIdentifier>
    </Filter>
  </ItemGroup>
  <ItemGroup>
    <ClInclude Include="WordSearch.h">
      <Filter>Header Files</Filter>
    </ClInclude>
    <ClInclude Include="LetterNode.h">
      <Filter>Header Files</Filter>
    </ClInclude>
  </ItemGroup>
  <ItemGroup>
    <Text Include="output_simple.txt">
      <Filter>Resource Files</Filter>
    </Text>
    <Text Include="output_advanced.txt">
      <Filter>Resource Files</Filter>
    </Text>
    <Text Include="dictionary.txt">
      <Filter>Resource Files</Filter>
    </Text>
    <Text Include="result.txt">
      <Filter>Resource Files</Filter>
    </Text>
    <Text Include="wordsearch_grid.txt">
      <Filter>Resource Files</Filter>
    </Text>
  </ItemGroup>
</Project>